
Microsoft Visual Studio Solution File, Format Version 12.00
# Visual Studio Version 17
VisualStudioVersion = 17.10.35013.160
MinimumVisualStudioVersion = 10.0.40219.1
Project("{FAE04EC0-301F-11D3-BF4B-00C04F79EFBC}") = "DelCert", "DelCert.csproj", "{DD392E77-BE56-48DC-8117-92B3A04EEF22}"
EndProject
Global
	GlobalSection(SolutionConfigurationPlatforms) = preSolution
		Debug|Any CPU = Debug|Any CPU
		Release|Any CPU = Release|Any CPU
	EndGlobalSection
	GlobalSection(ProjectConfigurationPlatforms) = postSolution
		{DD392E77-BE56-48DC-8117-92B3A04EEF22}.Debug|Any CPU.ActiveCfg = Debug|Any CPU
		{DD392E77-BE56-48DC-8117-92B3A04EEF22}.Debug|Any CPU.Build.0 = Debug|Any CPU
		{DD392E77-BE56-48DC-8117-92B3A04EEF22}.Release|Any CPU.ActiveCfg = Release|Any CPU
		{DD392E77-BE56-48DC-8117-92B3A04EEF22}.Release|Any CPU.Build.0 = Release|Any CPU
	EndGlobalSection
	GlobalSection(SolutionProperties) = preSolution
		HideSolutionNode = FALSE
	EndGlobalSection
	GlobalSection(ExtensibilityGlobals) = postSolution
		SolutionGuid = {2F576F5A-6B34-420E-A9CC-2D87386A9756}
	EndGlobalSection
EndGlobal
